
Microsoft Visual Studio Solution File, Format Version 12.00
# Visual Studio Version 16
VisualStudioVersion = 16.0.30717.126
MinimumVisualStudioVersion = 10.0.40219.1
Project("{FAE04EC0-301F-11D3-BF4B-00C04F79EFBC}") = "FizzBuzz", "FizzBuzz\FizzBuzz.csproj", "{076E7836-329E-4D70-AB09-7BCD3E38E029}"
EndProject
Global
	GlobalSection(SolutionConfigurationPlatforms) = preSolution
		Debug|Any CPU = Debug|Any CPU
		Release|Any CPU = Release|Any CPU
	EndGlobalSection
	GlobalSection(ProjectConfigurationPlatforms) = postSolution
		{076E7836-329E-4D70-AB09-7BCD3E38E029}.Debug|Any CPU.ActiveCfg = Debug|Any CPU
		{076E7836-329E-4D70-AB09-7BCD3E38E029}.Debug|Any CPU.Build.0 = Debug|Any CPU
		{076E7836-329E-4D70-AB09-7BCD3E38E029}.Release|Any CPU.ActiveCfg = Release|Any CPU
		{076E7836-329E-4D70-AB09-7BCD3E38E029}.Release|Any CPU.Build.0 = Release|Any CPU
	EndGlobalSection
	GlobalSection(SolutionProperties) = preSolution
		HideSolutionNode = FALSE
	EndGlobalSection
	GlobalSection(ExtensibilityGlobals) = postSolution
		SolutionGuid = {91D2B5B2-CF8F-417D-9B58-27AD2ED39982}
	EndGlobalSection
EndGlobal
